// !$*UTF8*$!
{
	archiveVersion = 1;
	classes = {
	};
	objectVersion = 55;
	objects = {

/* Begin PBXBuildFile section */
		2168E80932A7913894EA848C /* Pods_MyCrypto.framework in Frameworks */ = {isa = PBXBuildFile; fileRef = 5CCA711B6F114ACC415D4148 /* Pods_MyCrypto.framework */; };
		5109FE702847DCF90090DA7A /* AppDelegate.swift in Sources */ = {isa = PBXBuildFile; fileRef = 5109FE6F2847DCF90090DA7A /* AppDelegate.swift */; };
		5109FE722847DCF90090DA7A /* SceneDelegate.swift in Sources */ = {isa = PBXBuildFile; fileRef = 5109FE712847DCF90090DA7A /* SceneDelegate.swift */; };
		5109FE742847DCF90090DA7A /* ListViewController.swift in Sources */ = {isa = PBXBuildFile; fileRef = 5109FE732847DCF90090DA7A /* ListViewController.swift */; };
		5109FE792847DCFD0090DA7A /* Assets.xcassets in Resources */ = {isa = PBXBuildFile; fileRef = 5109FE782847DCFD0090DA7A /* Assets.xcassets */; };
		5109FE7C2847DCFD0090DA7A /* LaunchScreen.storyboard in Resources */ = {isa = PBXBuildFile; fileRef = 5109FE7A2847DCFD0090DA7A /* LaunchScreen.storyboard */; };
		5109FE872847DCFD0090DA7A /* MyCryptoTests.swift in Sources */ = {isa = PBXBuildFile; fileRef = 5109FE862847DCFD0090DA7A /* MyCryptoTests.swift */; };
		5109FE912847DCFD0090DA7A /* MyCryptoUITests.swift in Sources */ = {isa = PBXBuildFile; fileRef = 5109FE902847DCFD0090DA7A /* MyCryptoUITests.swift */; };
		5109FE932847DCFD0090DA7A /* MyCryptoUITestsLaunchTests.swift in Sources */ = {isa = PBXBuildFile; fileRef = 5109FE922847DCFD0090DA7A /* MyCryptoUITestsLaunchTests.swift */; };
		5109FEA62848FB160090DA7A /* ApiService.swift in Sources */ = {isa = PBXBuildFile; fileRef = 5109FEA52848FB160090DA7A /* ApiService.swift */; };
		5109FEA82848FB410090DA7A /* TickersManager.swift in Sources */ = {isa = PBXBuildFile; fileRef = 5109FEA72848FB410090DA7A /* TickersManager.swift */; };
		5109FEAB284905560090DA7A /* ListViewModel.swift in Sources */ = {isa = PBXBuildFile; fileRef = 5109FEAA284905560090DA7A /* ListViewModel.swift */; };
		5109FEAD284B33150090DA7A /* TickerResponse.swift in Sources */ = {isa = PBXBuildFile; fileRef = 5109FEAC284B33150090DA7A /* TickerResponse.swift */; };
		5109FEAF284B811D0090DA7A /* Tickers.swift in Sources */ = {isa = PBXBuildFile; fileRef = 5109FEAE284B811D0090DA7A /* Tickers.swift */; };
		5109FEB1284BA7B40090DA7A /* TickerCell.swift in Sources */ = {isa = PBXBuildFile; fileRef = 5109FEB0284BA7B40090DA7A /* TickerCell.swift */; };
		51D0CFE2284CC1860040B335 /* UIViewController+Extension.swift in Sources */ = {isa = PBXBuildFile; fileRef = 51D0CFE1284CC1860040B335 /* UIViewController+Extension.swift */; };
		51D0CFE6284CC2870040B335 /* TickersManagerTests.swift in Sources */ = {isa = PBXBuildFile; fileRef = 51D0CFE5284CC2870040B335 /* TickersManagerTests.swift */; };
		51D0CFE9284CC2FF0040B335 /* TickersManagerMock.swift in Sources */ = {isa = PBXBuildFile; fileRef = 51D0CFE8284CC2FF0040B335 /* TickersManagerMock.swift */; };
		51DFA9CE284CC6260067FF27 /* TickersApiMock.swift in Sources */ = {isa = PBXBuildFile; fileRef = 51DFA9CD284CC6260067FF27 /* TickersApiMock.swift */; };
		51DFA9D2284CCDFA0067FF27 /* JSONMapper.swift in Sources */ = {isa = PBXBuildFile; fileRef = 51DFA9D1284CCDFA0067FF27 /* JSONMapper.swift */; };
		51DFA9D3284CD0580067FF27 /* ValidTickersResponse.json in Resources */ = {isa = PBXBuildFile; fileRef = 51DFA9D0284CCB8E0067FF27 /* ValidTickersResponse.json */; };
		51DFA9D5284CDB340067FF27 /* ListViewModelTests.swift in Sources */ = {isa = PBXBuildFile; fileRef = 51DFA9D4284CDB340067FF27 /* ListViewModelTests.swift */; };
		51DFA9D7284CE29C0067FF27 /* MultipleTickersResponse.json in Resources */ = {isa = PBXBuildFile; fileRef = 51DFA9D6284CE29C0067FF27 /* MultipleTickersResponse.json */; };
		51DFA9D9284CE5890067FF27 /* TickersApi.swift in Sources */ = {isa = PBXBuildFile; fileRef = 51DFA9D8284CE5890067FF27 /* TickersApi.swift */; };
		51DFA9DC284D065D0067FF27 /* NetworkHandler.swift in Sources */ = {isa = PBXBuildFile; fileRef = 51DFA9DB284D065D0067FF27 /* NetworkHandler.swift */; };
		51DFA9E1284DD1860067FF27 /* TickerModel.swift in Sources */ = {isa = PBXBuildFile; fileRef = 51DFA9E0284DD1860067FF27 /* TickerModel.swift */; };
		B65EEDEBBA349CC8B550785C /* Pods_MyCryptoTests.framework in Frameworks */ = {isa = PBXBuildFile; fileRef = 294464E017B9FDE1C185441F /* Pods_MyCryptoTests.framework */; };
		CC6AAC8D5CB2060147A436AC /* Pods_MyCrypto_MyCryptoUITests.framework in Frameworks */ = {isa = PBXBuildFile; fileRef = 1178F16EB68CCAF1717A6082 /* Pods_MyCrypto_MyCryptoUITests.framework */; };
/* End PBXBuildFile section */

/* Begin PBXContainerItemProxy section */
		5109FE832847DCFD0090DA7A /* PBXContainerItemProxy */ = {
			isa = PBXContainerItemProxy;
			containerPortal = 5109FE642847DCF90090DA7A /* Project object */;
			proxyType = 1;
			remoteGlobalIDString = 5109FE6B2847DCF90090DA7A;
			remoteInfo = MyCrypto;
		};
		5109FE8D2847DCFD0090DA7A /* PBXContainerItemProxy */ = {
			isa = PBXContainerItemProxy;
			containerPortal = 5109FE642847DCF90090DA7A /* Project object */;
			proxyType = 1;
			remoteGlobalIDString = 5109FE6B2847DCF90090DA7A;
			remoteInfo = MyCrypto;
		};
/* End PBXContainerItemProxy section */

/* Begin PBXFileReference section */
		0D84C652E60EF348F87B3F99 /* Pods-MyCrypto.debug.xcconfig */ = {isa = PBXFileReference; includeInIndex = 1; lastKnownFileType = text.xcconfig; name = "Pods-MyCrypto.debug.xcconfig"; path = "Target Support Files/Pods-MyCrypto/Pods-MyCrypto.debug.xcconfig"; sourceTree = "<group>"; };
		1178F16EB68CCAF1717A6082 /* Pods_MyCrypto_MyCryptoUITests.framework */ = {isa = PBXFileReference; explicitFileType = wrapper.framework; includeInIndex = 0; path = Pods_MyCrypto_MyCryptoUITests.framework; sourceTree = BUILT_PRODUCTS_DIR; };
		294464E017B9FDE1C185441F /* Pods_MyCryptoTests.framework */ = {isa = PBXFileReference; explicitFileType = wrapper.framework; includeInIndex = 0; path = Pods_MyCryptoTests.framework; sourceTree = BUILT_PRODUCTS_DIR; };
		2ABF62710B55171D124324AF /* Pods-MyCryptoTests.release.xcconfig */ = {isa = PBXFileReference; includeInIndex = 1; lastKnownFileType = text.xcconfig; name = "Pods-MyCryptoTests.release.xcconfig"; path = "Target Support Files/Pods-MyCryptoTests/Pods-MyCryptoTests.release.xcconfig"; sourceTree = "<group>"; };
		3DB27DDC8905AB9F7054EDF2 /* Pods-MyCrypto-MyCryptoUITests.release.xcconfig */ = {isa = PBXFileReference; includeInIndex = 1; lastKnownFileType = text.xcconfig; name = "Pods-MyCrypto-MyCryptoUITests.release.xcconfig"; path = "Target Support Files/Pods-MyCrypto-MyCryptoUITests/Pods-MyCrypto-MyCryptoUITests.release.xcconfig"; sourceTree = "<group>"; };
		5109FE6C2847DCF90090DA7A /* MyCrypto.app */ = {isa = PBXFileReference; explicitFileType = wrapper.application; includeInIndex = 0; path = MyCrypto.app; sourceTree = BUILT_PRODUCTS_DIR; };
		5109FE6F2847DCF90090DA7A /* AppDelegate.swift */ = {isa = PBXFileReference; lastKnownFileType = sourcecode.swift; path = AppDelegate.swift; sourceTree = "<group>"; };
		5109FE712847DCF90090DA7A /* SceneDelegate.swift */ = {isa = PBXFileReference; lastKnownFileType = sourcecode.swift; path = SceneDelegate.swift; sourceTree = "<group>"; };
		5109FE732847DCF90090DA7A /* ListViewController.swift */ = {isa = PBXFileReference; lastKnownFileType = sourcecode.swift; path = ListViewController.swift; sourceTree = "<group>"; };
		5109FE782847DCFD0090DA7A /* Assets.xcassets */ = {isa = PBXFileReference; lastKnownFileType = folder.assetcatalog; path = Assets.xcassets; sourceTree = "<group>"; };
		5109FE7B2847DCFD0090DA7A /* Base */ = {isa = PBXFileReference; lastKnownFileType = file.storyboard; name = Base; path = Base.lproj/LaunchScreen.storyboard; sourceTree = "<group>"; };
		5109FE7D2847DCFD0090DA7A /* Info.plist */ = {isa = PBXFileReference; lastKnownFileType = text.plist.xml; path = Info.plist; sourceTree = "<group>"; };
		5109FE822847DCFD0090DA7A /* MyCryptoTests.xctest */ = {isa = PBXFileReference; explicitFileType = wrapper.cfbundle; includeInIndex = 0; path = MyCryptoTests.xctest; sourceTree = BUILT_PRODUCTS_DIR; };
		5109FE862847DCFD0090DA7A /* MyCryptoTests.swift */ = {isa = PBXFileReference; lastKnownFileType = sourcecode.swift; path = MyCryptoTests.swift; sourceTree = "<group>"; };
		5109FE8C2847DCFD0090DA7A /* MyCryptoUITests.xctest */ = {isa = PBXFileReference; explicitFileType = wrapper.cfbundle; includeInIndex = 0; path = MyCryptoUITests.xctest; sourceTree = BUILT_PRODUCTS_DIR; };
		5109FE902847DCFD0090DA7A /* MyCryptoUITests.swift */ = {isa = PBXFileReference; lastKnownFileType = sourcecode.swift; path = MyCryptoUITests.swift; sourceTree = "<group>"; };
		5109FE922847DCFD0090DA7A /* MyCryptoUITestsLaunchTests.swift */ = {isa = PBXFileReference; lastKnownFileType = sourcecode.swift; path = MyCryptoUITestsLaunchTests.swift; sourceTree = "<group>"; };
		5109FEA52848FB160090DA7A /* ApiService.swift */ = {isa = PBXFileReference; lastKnownFileType = sourcecode.swift; path = ApiService.swift; sourceTree = "<group>"; };
		5109FEA72848FB410090DA7A /* TickersManager.swift */ = {isa = PBXFileReference; lastKnownFileType = sourcecode.swift; path = TickersManager.swift; sourceTree = "<group>"; };
		5109FEAA284905560090DA7A /* ListViewModel.swift */ = {isa = PBXFileReference; lastKnownFileType = sourcecode.swift; path = ListViewModel.swift; sourceTree = "<group>"; };
		5109FEAC284B33150090DA7A /* TickerResponse.swift */ = {isa = PBXFileReference; lastKnownFileType = sourcecode.swift; path = TickerResponse.swift; sourceTree = "<group>"; };
		5109FEAE284B811D0090DA7A /* Tickers.swift */ = {isa = PBXFileReference; lastKnownFileType = sourcecode.swift; path = Tickers.swift; sourceTree = "<group>"; };
		5109FEB0284BA7B40090DA7A /* TickerCell.swift */ = {isa = PBXFileReference; lastKnownFileType = sourcecode.swift; path = TickerCell.swift; sourceTree = "<group>"; };
		51D0CFE1284CC1860040B335 /* UIViewController+Extension.swift */ = {isa = PBXFileReference; lastKnownFileType = sourcecode.swift; path = "UIViewController+Extension.swift"; sourceTree = "<group>"; };
		51D0CFE5284CC2870040B335 /* TickersManagerTests.swift */ = {isa = PBXFileReference; lastKnownFileType = sourcecode.swift; path = TickersManagerTests.swift; sourceTree = "<group>"; };
		51D0CFE8284CC2FF0040B335 /* TickersManagerMock.swift */ = {isa = PBXFileReference; lastKnownFileType = sourcecode.swift; path = TickersManagerMock.swift; sourceTree = "<group>"; };
		51DFA9CD284CC6260067FF27 /* TickersApiMock.swift */ = {isa = PBXFileReference; lastKnownFileType = sourcecode.swift; path = TickersApiMock.swift; sourceTree = "<group>"; };
		51DFA9D0284CCB8E0067FF27 /* ValidTickersResponse.json */ = {isa = PBXFileReference; lastKnownFileType = text.json; path = ValidTickersResponse.json; sourceTree = "<group>"; };
		51DFA9D1284CCDFA0067FF27 /* JSONMapper.swift */ = {isa = PBXFileReference; lastKnownFileType = sourcecode.swift; path = JSONMapper.swift; sourceTree = "<group>"; };
		51DFA9D4284CDB340067FF27 /* ListViewModelTests.swift */ = {isa = PBXFileReference; lastKnownFileType = sourcecode.swift; path = ListViewModelTests.swift; sourceTree = "<group>"; };
		51DFA9D6284CE29C0067FF27 /* MultipleTickersResponse.json */ = {isa = PBXFileReference; lastKnownFileType = text.json; path = MultipleTickersResponse.json; sourceTree = "<group>"; };
		51DFA9D8284CE5890067FF27 /* TickersApi.swift */ = {isa = PBXFileReference; lastKnownFileType = sourcecode.swift; path = TickersApi.swift; sourceTree = "<group>"; };
		51DFA9DB284D065D0067FF27 /* NetworkHandler.swift */ = {isa = PBXFileReference; lastKnownFileType = sourcecode.swift; path = NetworkHandler.swift; sourceTree = "<group>"; };
		51DFA9E0284DD1860067FF27 /* TickerModel.swift */ = {isa = PBXFileReference; lastKnownFileType = sourcecode.swift; path = TickerModel.swift; sourceTree = "<group>"; };
		5CCA711B6F114ACC415D4148 /* Pods_MyCrypto.framework */ = {isa = PBXFileReference; explicitFileType = wrapper.framework; includeInIndex = 0; path = Pods_MyCrypto.framework; sourceTree = BUILT_PRODUCTS_DIR; };
		A0C68E175442FD02F8402BC5 /* Pods-MyCryptoTests.debug.xcconfig */ = {isa = PBXFileReference; includeInIndex = 1; lastKnownFileType = text.xcconfig; name = "Pods-MyCryptoTests.debug.xcconfig"; path = "Target Support Files/Pods-MyCryptoTests/Pods-MyCryptoTests.debug.xcconfig"; sourceTree = "<group>"; };
		D8172EEB718876B8CF0CB6FB /* Pods-MyCrypto-MyCryptoUITests.debug.xcconfig */ = {isa = PBXFileReference; includeInIndex = 1; lastKnownFileType = text.xcconfig; name = "Pods-MyCrypto-MyCryptoUITests.debug.xcconfig"; path = "Target Support Files/Pods-MyCrypto-MyCryptoUITests/Pods-MyCrypto-MyCryptoUITests.debug.xcconfig"; sourceTree = "<group>"; };
		DDF68DE965724C9035735764 /* Pods-MyCrypto.release.xcconfig */ = {isa = PBXFileReference; includeInIndex = 1; lastKnownFileType = text.xcconfig; name = "Pods-MyCrypto.release.xcconfig"; path = "Target Support Files/Pods-MyCrypto/Pods-MyCrypto.release.xcconfig"; sourceTree = "<group>"; };
/* End PBXFileReference section */

/* Begin PBXFrameworksBuildPhase section */
		5109FE692847DCF90090DA7A /* Frameworks */ = {
			isa = PBXFrameworksBuildPhase;
			buildActionMask = 2147483647;
			files = (
				2168E80932A7913894EA848C /* Pods_MyCrypto.framework in Frameworks */,
			);
			runOnlyForDeploymentPostprocessing = 0;
		};
		5109FE7F2847DCFD0090DA7A /* Frameworks */ = {
			isa = PBXFrameworksBuildPhase;
			buildActionMask = 2147483647;
			files = (
				B65EEDEBBA349CC8B550785C /* Pods_MyCryptoTests.framework in Frameworks */,
			);
			runOnlyForDeploymentPostprocessing = 0;
		};
		5109FE892847DCFD0090DA7A /* Frameworks */ = {
			isa = PBXFrameworksBuildPhase;
			buildActionMask = 2147483647;
			files = (
				CC6AAC8D5CB2060147A436AC /* Pods_MyCrypto_MyCryptoUITests.framework in Frameworks */,
			);
			runOnlyForDeploymentPostprocessing = 0;
		};
/* End PBXFrameworksBuildPhase section */

/* Begin PBXGroup section */
		5109FE632847DCF90090DA7A = {
			isa = PBXGroup;
			children = (
				5109FE6E2847DCF90090DA7A /* MyCrypto */,
				5109FE852847DCFD0090DA7A /* MyCryptoTests */,
				5109FE8F2847DCFD0090DA7A /* MyCryptoUITests */,
				5109FE6D2847DCF90090DA7A /* Products */,
				80FC77A3ACD5B42CD15E0962 /* Pods */,
				C6372BF3541BAB71200F758F /* Frameworks */,
			);
			sourceTree = "<group>";
		};
		5109FE6D2847DCF90090DA7A /* Products */ = {
			isa = PBXGroup;
			children = (
				5109FE6C2847DCF90090DA7A /* MyCrypto.app */,
				5109FE822847DCFD0090DA7A /* MyCryptoTests.xctest */,
				5109FE8C2847DCFD0090DA7A /* MyCryptoUITests.xctest */,
			);
			name = Products;
			sourceTree = "<group>";
		};
		5109FE6E2847DCF90090DA7A /* MyCrypto */ = {
			isa = PBXGroup;
			children = (
				5109FEA32848F61D0090DA7A /* StartPoint */,
				5109FEA42848FB040090DA7A /* BusinessLogic */,
				5109FE9F2848F5DB0090DA7A /* Presentation */,
				5109FEA02848F5F90090DA7A /* Resources */,
			);
			path = MyCrypto;
			sourceTree = "<group>";
		};
		5109FE852847DCFD0090DA7A /* MyCryptoTests */ = {
			isa = PBXGroup;
			children = (
				51D0CFE7284CC2E90040B335 /* Mocks */,
				51D0CFE3284CC1E20040B335 /* BusinessLogic */,
				5109FE862847DCFD0090DA7A /* MyCryptoTests.swift */,
				51D0CFE4284CC1ED0040B335 /* ViewModels */,
			);
			path = MyCryptoTests;
			sourceTree = "<group>";
		};
		5109FE8F2847DCFD0090DA7A /* MyCryptoUITests */ = {
			isa = PBXGroup;
			children = (
				5109FE902847DCFD0090DA7A /* MyCryptoUITests.swift */,
				5109FE922847DCFD0090DA7A /* MyCryptoUITestsLaunchTests.swift */,
			);
			path = MyCryptoUITests;
			sourceTree = "<group>";
		};
		5109FE9F2848F5DB0090DA7A /* Presentation */ = {
			isa = PBXGroup;
			children = (
				51D0CFE0284CC1670040B335 /* Helpers */,
				5109FEA92849053F0090DA7A /* List */,
			);
			path = Presentation;
			sourceTree = "<group>";
		};
		5109FEA02848F5F90090DA7A /* Resources */ = {
			isa = PBXGroup;
			children = (
				5109FE782847DCFD0090DA7A /* Assets.xcassets */,
				5109FE7A2847DCFD0090DA7A /* LaunchScreen.storyboard */,
			);
			path = Resources;
			sourceTree = "<group>";
		};
		5109FEA32848F61D0090DA7A /* StartPoint */ = {
			isa = PBXGroup;
			children = (
				5109FE6F2847DCF90090DA7A /* AppDelegate.swift */,
				5109FE712847DCF90090DA7A /* SceneDelegate.swift */,
				5109FE7D2847DCFD0090DA7A /* Info.plist */,
			);
			path = StartPoint;
			sourceTree = "<group>";
		};
		5109FEA42848FB040090DA7A /* BusinessLogic */ = {
			isa = PBXGroup;
			children = (
				51DFA9DA284D05FB0067FF27 /* API */,
				5109FEA72848FB410090DA7A /* TickersManager.swift */,
				5109FEAE284B811D0090DA7A /* Tickers.swift */,
				51DFA9DB284D065D0067FF27 /* NetworkHandler.swift */,
			);
			path = BusinessLogic;
			sourceTree = "<group>";
		};
		5109FEA92849053F0090DA7A /* List */ = {
			isa = PBXGroup;
			children = (
				51DFA9DF284DD16F0067FF27 /* Model */,
				51DFA9DE284DD1600067FF27 /* ViewModel */,
				51DFA9DD284DD1480067FF27 /* Views */,
			);
			path = List;
			sourceTree = "<group>";
		};
		51D0CFE0284CC1670040B335 /* Helpers */ = {
			isa = PBXGroup;
			children = (
				51D0CFE1284CC1860040B335 /* UIViewController+Extension.swift */,
			);
			path = Helpers;
			sourceTree = "<group>";
		};
		51D0CFE3284CC1E20040B335 /* BusinessLogic */ = {
			isa = PBXGroup;
			children = (
				51D0CFE5284CC2870040B335 /* TickersManagerTests.swift */,
			);
			path = BusinessLogic;
			sourceTree = "<group>";
		};
		51D0CFE4284CC1ED0040B335 /* ViewModels */ = {
			isa = PBXGroup;
			children = (
				51DFA9D4284CDB340067FF27 /* ListViewModelTests.swift */,
			);
			path = ViewModels;
			sourceTree = "<group>";
		};
		51D0CFE7284CC2E90040B335 /* Mocks */ = {
			isa = PBXGroup;
			children = (
				51DFA9CF284CCB730067FF27 /* JSON */,
				51D0CFE8284CC2FF0040B335 /* TickersManagerMock.swift */,
				51DFA9CD284CC6260067FF27 /* TickersApiMock.swift */,
			);
			path = Mocks;
			sourceTree = "<group>";
		};
		51DFA9CF284CCB730067FF27 /* JSON */ = {
			isa = PBXGroup;
			children = (
				51DFA9D0284CCB8E0067FF27 /* ValidTickersResponse.json */,
				51DFA9D6284CE29C0067FF27 /* MultipleTickersResponse.json */,
				51DFA9D1284CCDFA0067FF27 /* JSONMapper.swift */,
			);
			path = JSON;
			sourceTree = "<group>";
		};
		51DFA9DA284D05FB0067FF27 /* API */ = {
			isa = PBXGroup;
			children = (
				5109FEAC284B33150090DA7A /* TickerResponse.swift */,
				5109FEA52848FB160090DA7A /* ApiService.swift */,
				51DFA9D8284CE5890067FF27 /* TickersApi.swift */,
			);
			path = API;
			sourceTree = "<group>";
		};
		51DFA9DD284DD1480067FF27 /* Views */ = {
			isa = PBXGroup;
			children = (
				5109FE732847DCF90090DA7A /* ListViewController.swift */,
				5109FEB0284BA7B40090DA7A /* TickerCell.swift */,
			);
			path = Views;
			sourceTree = "<group>";
		};
		51DFA9DE284DD1600067FF27 /* ViewModel */ = {
			isa = PBXGroup;
			children = (
				5109FEAA284905560090DA7A /* ListViewModel.swift */,
			);
			path = ViewModel;
			sourceTree = "<group>";
		};
		51DFA9DF284DD16F0067FF27 /* Model */ = {
			isa = PBXGroup;
			children = (
				51DFA9E0284DD1860067FF27 /* TickerModel.swift */,
			);
			path = Model;
			sourceTree = "<group>";
		};
		80FC77A3ACD5B42CD15E0962 /* Pods */ = {
			isa = PBXGroup;
			children = (
				0D84C652E60EF348F87B3F99 /* Pods-MyCrypto.debug.xcconfig */,
				DDF68DE965724C9035735764 /* Pods-MyCrypto.release.xcconfig */,
				D8172EEB718876B8CF0CB6FB /* Pods-MyCrypto-MyCryptoUITests.debug.xcconfig */,
				3DB27DDC8905AB9F7054EDF2 /* Pods-MyCrypto-MyCryptoUITests.release.xcconfig */,
				A0C68E175442FD02F8402BC5 /* Pods-MyCryptoTests.debug.xcconfig */,
				2ABF62710B55171D124324AF /* Pods-MyCryptoTests.release.xcconfig */,
			);
			path = Pods;
			sourceTree = "<group>";
		};
		C6372BF3541BAB71200F758F /* Frameworks */ = {
			isa = PBXGroup;
			children = (
				5CCA711B6F114ACC415D4148 /* Pods_MyCrypto.framework */,
				1178F16EB68CCAF1717A6082 /* Pods_MyCrypto_MyCryptoUITests.framework */,
				294464E017B9FDE1C185441F /* Pods_MyCryptoTests.framework */,
			);
			name = Frameworks;
			sourceTree = "<group>";
		};
/* End PBXGroup section */

/* Begin PBXNativeTarget section */
		5109FE6B2847DCF90090DA7A /* MyCrypto */ = {
			isa = PBXNativeTarget;
			buildConfigurationList = 5109FE962847DCFD0090DA7A /* Build configuration list for PBXNativeTarget "MyCrypto" */;
			buildPhases = (
				9505E4B8C75126A8CC09C885 /* [CP] Check Pods Manifest.lock */,
				5109FE682847DCF90090DA7A /* Sources */,
				5109FE692847DCF90090DA7A /* Frameworks */,
				5109FE6A2847DCF90090DA7A /* Resources */,
				2E9CBE3192EA400489B50559 /* [CP] Embed Pods Frameworks */,
			);
			buildRules = (
			);
			dependencies = (
			);
			name = MyCrypto;
			productName = MyCrypto;
			productReference = 5109FE6C2847DCF90090DA7A /* MyCrypto.app */;
			productType = "com.apple.product-type.application";
		};
		5109FE812847DCFD0090DA7A /* MyCryptoTests */ = {
			isa = PBXNativeTarget;
			buildConfigurationList = 5109FE992847DCFD0090DA7A /* Build configuration list for PBXNativeTarget "MyCryptoTests" */;
			buildPhases = (
				3B405478CA612BC53AD12690 /* [CP] Check Pods Manifest.lock */,
				5109FE7E2847DCFD0090DA7A /* Sources */,
				5109FE7F2847DCFD0090DA7A /* Frameworks */,
				5109FE802847DCFD0090DA7A /* Resources */,
				2E0F31E6187B51C437901AB6 /* [CP] Embed Pods Frameworks */,
			);
			buildRules = (
			);
			dependencies = (
				5109FE842847DCFD0090DA7A /* PBXTargetDependency */,
			);
			name = MyCryptoTests;
			productName = MyCryptoTests;
			productReference = 5109FE822847DCFD0090DA7A /* MyCryptoTests.xctest */;
			productType = "com.apple.product-type.bundle.unit-test";
		};
		5109FE8B2847DCFD0090DA7A /* MyCryptoUITests */ = {
			isa = PBXNativeTarget;
			buildConfigurationList = 5109FE9C2847DCFD0090DA7A /* Build configuration list for PBXNativeTarget "MyCryptoUITests" */;
			buildPhases = (
				A6DB09348B0848BD93C063CB /* [CP] Check Pods Manifest.lock */,
				5109FE882847DCFD0090DA7A /* Sources */,
				5109FE892847DCFD0090DA7A /* Frameworks */,
				5109FE8A2847DCFD0090DA7A /* Resources */,
				C936F1E9A4024EBAC98A91FE /* [CP] Embed Pods Frameworks */,
			);
			buildRules = (
			);
			dependencies = (
				5109FE8E2847DCFD0090DA7A /* PBXTargetDependency */,
			);
			name = MyCryptoUITests;
			productName = MyCryptoUITests;
			productReference = 5109FE8C2847DCFD0090DA7A /* MyCryptoUITests.xctest */;
			productType = "com.apple.product-type.bundle.ui-testing";
		};
/* End PBXNativeTarget section */

/* Begin PBXProject section */
		5109FE642847DCF90090DA7A /* Project object */ = {
			isa = PBXProject;
			attributes = {
				BuildIndependentTargetsInParallel = 1;
				LastSwiftUpdateCheck = 1340;
				LastUpgradeCheck = 1340;
				TargetAttributes = {
					5109FE6B2847DCF90090DA7A = {
						CreatedOnToolsVersion = 13.4;
					};
					5109FE812847DCFD0090DA7A = {
						CreatedOnToolsVersion = 13.4;
						TestTargetID = 5109FE6B2847DCF90090DA7A;
					};
					5109FE8B2847DCFD0090DA7A = {
						CreatedOnToolsVersion = 13.4;
						TestTargetID = 5109FE6B2847DCF90090DA7A;
					};
				};
			};
			buildConfigurationList = 5109FE672847DCF90090DA7A /* Build configuration list for PBXProject "MyCrypto" */;
			compatibilityVersion = "Xcode 13.0";
			developmentRegion = en;
			hasScannedForEncodings = 0;
			knownRegions = (
				en,
				Base,
			);
			mainGroup = 5109FE632847DCF90090DA7A;
			productRefGroup = 5109FE6D2847DCF90090DA7A /* Products */;
			projectDirPath = "";
			projectRoot = "";
			targets = (
				5109FE6B2847DCF90090DA7A /* MyCrypto */,
				5109FE812847DCFD0090DA7A /* MyCryptoTests */,
				5109FE8B2847DCFD0090DA7A /* MyCryptoUITests */,
			);
		};
/* End PBXProject section */

/* Begin PBXResourcesBuildPhase section */
		5109FE6A2847DCF90090DA7A /* Resources */ = {
			isa = PBXResourcesBuildPhase;
			buildActionMask = 2147483647;
			files = (
				5109FE7C2847DCFD0090DA7A /* LaunchScreen.storyboard in Resources */,
				5109FE792847DCFD0090DA7A /* Assets.xcassets in Resources */,
			);
			runOnlyForDeploymentPostprocessing = 0;
		};
		5109FE802847DCFD0090DA7A /* Resources */ = {
			isa = PBXResourcesBuildPhase;
			buildActionMask = 2147483647;
			files = (
				51DFA9D7284CE29C0067FF27 /* MultipleTickersResponse.json in Resources */,
				51DFA9D3284CD0580067FF27 /* ValidTickersResponse.json in Resources */,
			);
			runOnlyForDeploymentPostprocessing = 0;
		};
		5109FE8A2847DCFD0090DA7A /* Resources */ = {
			isa = PBXResourcesBuildPhase;
			buildActionMask = 2147483647;
			files = (
			);
			runOnlyForDeploymentPostprocessing = 0;
		};
/* End PBXResourcesBuildPhase section */

/* Begin PBXShellScriptBuildPhase section */
		2E0F31E6187B51C437901AB6 /* [CP] Embed Pods Frameworks */ = {
			isa = PBXShellScriptBuildPhase;
			buildActionMask = 2147483647;
			files = (
			);
			inputFileListPaths = (
				"${PODS_ROOT}/Target Support Files/Pods-MyCryptoTests/Pods-MyCryptoTests-frameworks-${CONFIGURATION}-input-files.xcfilelist",
			);
			name = "[CP] Embed Pods Frameworks";
			outputFileListPaths = (
				"${PODS_ROOT}/Target Support Files/Pods-MyCryptoTests/Pods-MyCryptoTests-frameworks-${CONFIGURATION}-output-files.xcfilelist",
			);
			runOnlyForDeploymentPostprocessing = 0;
			shellPath = /bin/sh;
			shellScript = "\"${PODS_ROOT}/Target Support Files/Pods-MyCryptoTests/Pods-MyCryptoTests-frameworks.sh\"\n";
			showEnvVarsInLog = 0;
		};
		2E9CBE3192EA400489B50559 /* [CP] Embed Pods Frameworks */ = {
			isa = PBXShellScriptBuildPhase;
			buildActionMask = 2147483647;
			files = (
			);
			inputFileListPaths = (
				"${PODS_ROOT}/Target Support Files/Pods-MyCrypto/Pods-MyCrypto-frameworks-${CONFIGURATION}-input-files.xcfilelist",
			);
			name = "[CP] Embed Pods Frameworks";
			outputFileListPaths = (
				"${PODS_ROOT}/Target Support Files/Pods-MyCrypto/Pods-MyCrypto-frameworks-${CONFIGURATION}-output-files.xcfilelist",
			);
			runOnlyForDeploymentPostprocessing = 0;
			shellPath = /bin/sh;
			shellScript = "\"${PODS_ROOT}/Target Support Files/Pods-MyCrypto/Pods-MyCrypto-frameworks.sh\"\n";
			showEnvVarsInLog = 0;
		};
		3B405478CA612BC53AD12690 /* [CP] Check Pods Manifest.lock */ = {
			isa = PBXShellScriptBuildPhase;
			buildActionMask = 2147483647;
			files = (
			);
			inputFileListPaths = (
			);
			inputPaths = (
				"${PODS_PODFILE_DIR_PATH}/Podfile.lock",
				"${PODS_ROOT}/Manifest.lock",
			);
			name = "[CP] Check Pods Manifest.lock";
			outputFileListPaths = (
			);
			outputPaths = (
				"$(DERIVED_FILE_DIR)/Pods-MyCryptoTests-checkManifestLockResult.txt",
			);
			runOnlyForDeploymentPostprocessing = 0;
			shellPath = /bin/sh;
			shellScript = "diff \"${PODS_PODFILE_DIR_PATH}/Podfile.lock\" \"${PODS_ROOT}/Manifest.lock\" > /dev/null\nif [ $? != 0 ] ; then\n    # print error to STDERR\n    echo \"error: The sandbox is not in sync with the Podfile.lock. Run 'pod install' or update your CocoaPods installation.\" >&2\n    exit 1\nfi\n# This output is used by Xcode 'outputs' to avoid re-running this script phase.\necho \"SUCCESS\" > \"${SCRIPT_OUTPUT_FILE_0}\"\n";
			showEnvVarsInLog = 0;
		};
		9505E4B8C75126A8CC09C885 /* [CP] Check Pods Manifest.lock */ = {
			isa = PBXShellScriptBuildPhase;
			buildActionMask = 2147483647;
			files = (
			);
			inputFileListPaths = (
			);
			inputPaths = (
				"${PODS_PODFILE_DIR_PATH}/Podfile.lock",
				"${PODS_ROOT}/Manifest.lock",
			);
			name = "[CP] Check Pods Manifest.lock";
			outputFileListPaths = (
			);
			outputPaths = (
				"$(DERIVED_FILE_DIR)/Pods-MyCrypto-checkManifestLockResult.txt",
			);
			runOnlyForDeploymentPostprocessing = 0;
			shellPath = /bin/sh;
			shellScript = "diff \"${PODS_PODFILE_DIR_PATH}/Podfile.lock\" \"${PODS_ROOT}/Manifest.lock\" > /dev/null\nif [ $? != 0 ] ; then\n    # print error to STDERR\n    echo \"error: The sandbox is not in sync with the Podfile.lock. Run 'pod install' or update your CocoaPods installation.\" >&2\n    exit 1\nfi\n# This output is used by Xcode 'outputs' to avoid re-running this script phase.\necho \"SUCCESS\" > \"${SCRIPT_OUTPUT_FILE_0}\"\n";
			showEnvVarsInLog = 0;
		};
		A6DB09348B0848BD93C063CB /* [CP] Check Pods Manifest.lock */ = {
			isa = PBXShellScriptBuildPhase;
			buildActionMask = 2147483647;
			files = (
			);
			inputFileListPaths = (
			);
			inputPaths = (
				"${PODS_PODFILE_DIR_PATH}/Podfile.lock",
				"${PODS_ROOT}/Manifest.lock",
			);
			name = "[CP] Check Pods Manifest.lock";
			outputFileListPaths = (
			);
			outputPaths = (
				"$(DERIVED_FILE_DIR)/Pods-MyCrypto-MyCryptoUITests-checkManifestLockResult.txt",
			);
			runOnlyForDeploymentPostprocessing = 0;
			shellPath = /bin/sh;
			shellScript = "diff \"${PODS_PODFILE_DIR_PATH}/Podfile.lock\" \"${PODS_ROOT}/Manifest.lock\" > /dev/null\nif [ $? != 0 ] ; then\n    # print error to STDERR\n    echo \"error: The sandbox is not in sync with the Podfile.lock. Run 'pod install' or update your CocoaPods installation.\" >&2\n    exit 1\nfi\n# This output is used by Xcode 'outputs' to avoid re-running this script phase.\necho \"SUCCESS\" > \"${SCRIPT_OUTPUT_FILE_0}\"\n";
			showEnvVarsInLog = 0;
		};
		C936F1E9A4024EBAC98A91FE /* [CP] Embed Pods Frameworks */ = {
			isa = PBXShellScriptBuildPhase;
			buildActionMask = 2147483647;
			files = (
			);
			inputFileListPaths = (
				"${PODS_ROOT}/Target Support Files/Pods-MyCrypto-MyCryptoUITests/Pods-MyCrypto-MyCryptoUITests-frameworks-${CONFIGURATION}-input-files.xcfilelist",
			);
			name = "[CP] Embed Pods Frameworks";
			outputFileListPaths = (
				"${PODS_ROOT}/Target Support Files/Pods-MyCrypto-MyCryptoUITests/Pods-MyCrypto-MyCryptoUITests-frameworks-${CONFIGURATION}-output-files.xcfilelist",
			);
			runOnlyForDeploymentPostprocessing = 0;
			shellPath = /bin/sh;
			shellScript = "\"${PODS_ROOT}/Target Support Files/Pods-MyCrypto-MyCryptoUITests/Pods-MyCrypto-MyCryptoUITests-frameworks.sh\"\n";
			showEnvVarsInLog = 0;
		};
/* End PBXShellScriptBuildPhase section */

/* Begin PBXSourcesBuildPhase section */
		5109FE682847DCF90090DA7A /* Sources */ = {
			isa = PBXSourcesBuildPhase;
			buildActionMask = 2147483647;
			files = (
				5109FE742847DCF90090DA7A /* ListViewController.swift in Sources */,
				5109FE702847DCF90090DA7A /* AppDelegate.swift in Sources */,
				5109FEB1284BA7B40090DA7A /* TickerCell.swift in Sources */,
				5109FEAD284B33150090DA7A /* TickerResponse.swift in Sources */,
				5109FEAB284905560090DA7A /* ListViewModel.swift in Sources */,
				5109FEA82848FB410090DA7A /* TickersManager.swift in Sources */,
				5109FEAF284B811D0090DA7A /* Tickers.swift in Sources */,
				51DFA9E1284DD1860067FF27 /* TickerModel.swift in Sources */,
				5109FEA62848FB160090DA7A /* ApiService.swift in Sources */,
				51DFA9D9284CE5890067FF27 /* TickersApi.swift in Sources */,
				51D0CFE2284CC1860040B335 /* UIViewController+Extension.swift in Sources */,
				5109FE722847DCF90090DA7A /* SceneDelegate.swift in Sources */,
				51DFA9DC284D065D0067FF27 /* NetworkHandler.swift in Sources */,
			);
			runOnlyForDeploymentPostprocessing = 0;
		};
		5109FE7E2847DCFD0090DA7A /* Sources */ = {
			isa = PBXSourcesBuildPhase;
			buildActionMask = 2147483647;
			files = (
				51DFA9CE284CC6260067FF27 /* TickersApiMock.swift in Sources */,
				51DFA9D2284CCDFA0067FF27 /* JSONMapper.swift in Sources */,
				51DFA9D5284CDB340067FF27 /* ListViewModelTests.swift in Sources */,
				5109FE872847DCFD0090DA7A /* MyCryptoTests.swift in Sources */,
				51D0CFE6284CC2870040B335 /* TickersManagerTests.swift in Sources */,
				51D0CFE9284CC2FF0040B335 /* TickersManagerMock.swift in Sources */,
			);
			runOnlyForDeploymentPostprocessing = 0;
		};
		5109FE882847DCFD0090DA7A /* Sources */ = {
			isa = PBXSourcesBuildPhase;
			buildActionMask = 2147483647;
			files = (
				5109FE932847DCFD0090DA7A /* MyCryptoUITestsLaunchTests.swift in Sources */,
				5109FE912847DCFD0090DA7A /* MyCryptoUITests.swift in Sources */,
			);
			runOnlyForDeploymentPostprocessing = 0;
		};
/* End PBXSourcesBuildPhase section */

/* Begin PBXTargetDependency section */
		5109FE842847DCFD0090DA7A /* PBXTargetDependency */ = {
			isa = PBXTargetDependency;
			target = 5109FE6B2847DCF90090DA7A /* MyCrypto */;
			targetProxy = 5109FE832847DCFD0090DA7A /* PBXContainerItemProxy */;
		};
		5109FE8E2847DCFD0090DA7A /* PBXTargetDependency */ = {
			isa = PBXTargetDependency;
			target = 5109FE6B2847DCF90090DA7A /* MyCrypto */;
			targetProxy = 5109FE8D2847DCFD0090DA7A /* PBXContainerItemProxy */;
		};
/* End PBXTargetDependency section */

/* Begin PBXVariantGroup section */
		5109FE7A2847DCFD0090DA7A /* LaunchScreen.storyboard */ = {
			isa = PBXVariantGroup;
			children = (
				5109FE7B2847DCFD0090DA7A /* Base */,
			);
			name = LaunchScreen.storyboard;
			sourceTree = "<group>";
		};
/* End PBXVariantGroup section */

/* Begin XCBuildConfiguration section */
		5109FE942847DCFD0090DA7A /* Debug */ = {
			isa = XCBuildConfiguration;
			buildSettings = {
				ALWAYS_SEARCH_USER_PATHS = NO;
				CLANG_ANALYZER_NONNULL = YES;
				CLANG_ANALYZER_NUMBER_OBJECT_CONVERSION = YES_AGGRESSIVE;
				CLANG_CXX_LANGUAGE_STANDARD = "gnu++17";
				CLANG_ENABLE_MODULES = YES;
				CLANG_ENABLE_OBJC_ARC = YES;
				CLANG_ENABLE_OBJC_WEAK = YES;
				CLANG_WARN_BLOCK_CAPTURE_AUTORELEASING = YES;
				CLANG_WARN_BOOL_CONVERSION = YES;
				CLANG_WARN_COMMA = YES;
				CLANG_WARN_CONSTANT_CONVERSION = YES;
				CLANG_WARN_DEPRECATED_OBJC_IMPLEMENTATIONS = YES;
				CLANG_WARN_DIRECT_OBJC_ISA_USAGE = YES_ERROR;
				CLANG_WARN_DOCUMENTATION_COMMENTS = YES;
				CLANG_WARN_EMPTY_BODY = YES;
				CLANG_WARN_ENUM_CONVERSION = YES;
				CLANG_WARN_INFINITE_RECURSION = YES;
				CLANG_WARN_INT_CONVERSION = YES;
				CLANG_WARN_NON_LITERAL_NULL_CONVERSION = YES;
				CLANG_WARN_OBJC_IMPLICIT_RETAIN_SELF = YES;
				CLANG_WARN_OBJC_LITERAL_CONVERSION = YES;
				CLANG_WARN_OBJC_ROOT_CLASS = YES_ERROR;
				CLANG_WARN_QUOTED_INCLUDE_IN_FRAMEWORK_HEADER = YES;
				CLANG_WARN_RANGE_LOOP_ANALYSIS = YES;
				CLANG_WARN_STRICT_PROTOTYPES = YES;
				CLANG_WARN_SUSPICIOUS_MOVE = YES;
				CLANG_WARN_UNGUARDED_AVAILABILITY = YES_AGGRESSIVE;
				CLANG_WARN_UNREACHABLE_CODE = YES;
				CLANG_WARN__DUPLICATE_METHOD_MATCH = YES;
				COPY_PHASE_STRIP = NO;
				DEBUG_INFORMATION_FORMAT = dwarf;
				ENABLE_STRICT_OBJC_MSGSEND = YES;
				ENABLE_TESTABILITY = YES;
				GCC_C_LANGUAGE_STANDARD = gnu11;
				GCC_DYNAMIC_NO_PIC = NO;
				GCC_NO_COMMON_BLOCKS = YES;
				GCC_OPTIMIZATION_LEVEL = 0;
				GCC_PREPROCESSOR_DEFINITIONS = (
					"DEBUG=1",
					"$(inherited)",
				);
				GCC_WARN_64_TO_32_BIT_CONVERSION = YES;
				GCC_WARN_ABOUT_RETURN_TYPE = YES_ERROR;
				GCC_WARN_UNDECLARED_SELECTOR = YES;
				GCC_WARN_UNINITIALIZED_AUTOS = YES_AGGRESSIVE;
				GCC_WARN_UNUSED_FUNCTION = YES;
				GCC_WARN_UNUSED_VARIABLE = YES;
				IPHONEOS_DEPLOYMENT_TARGET = 15.5;
				MTL_ENABLE_DEBUG_INFO = INCLUDE_SOURCE;
				MTL_FAST_MATH = YES;
				ONLY_ACTIVE_ARCH = YES;
				SDKROOT = iphoneos;
				SWIFT_ACTIVE_COMPILATION_CONDITIONS = DEBUG;
				SWIFT_OPTIMIZATION_LEVEL = "-Onone";
			};
			name = Debug;
		};
		5109FE952847DCFD0090DA7A /* Release */ = {
			isa = XCBuildConfiguration;
			buildSettings = {
				ALWAYS_SEARCH_USER_PATHS = NO;
				CLANG_ANALYZER_NONNULL = YES;
				CLANG_ANALYZER_NUMBER_OBJECT_CONVERSION = YES_AGGRESSIVE;
				CLANG_CXX_LANGUAGE_STANDARD = "gnu++17";
				CLANG_ENABLE_MODULES = YES;
				CLANG_ENABLE_OBJC_ARC = YES;
				CLANG_ENABLE_OBJC_WEAK = YES;
				CLANG_WARN_BLOCK_CAPTURE_AUTORELEASING = YES;
				CLANG_WARN_BOOL_CONVERSION = YES;
				CLANG_WARN_COMMA = YES;
				CLANG_WARN_CONSTANT_CONVERSION = YES;
				CLANG_WARN_DEPRECATED_OBJC_IMPLEMENTATIONS = YES;
				CLANG_WARN_DIRECT_OBJC_ISA_USAGE = YES_ERROR;
				CLANG_WARN_DOCUMENTATION_COMMENTS = YES;
				CLANG_WARN_EMPTY_BODY = YES;
				CLANG_WARN_ENUM_CONVERSION = YES;
				CLANG_WARN_INFINITE_RECURSION = YES;
				CLANG_WARN_INT_CONVERSION = YES;
				CLANG_WARN_NON_LITERAL_NULL_CONVERSION = YES;
				CLANG_WARN_OBJC_IMPLICIT_RETAIN_SELF = YES;
				CLANG_WARN_OBJC_LITERAL_CONVERSION = YES;
				CLANG_WARN_OBJC_ROOT_CLASS = YES_ERROR;
				CLANG_WARN_QUOTED_INCLUDE_IN_FRAMEWORK_HEADER = YES;
				CLANG_WARN_RANGE_LOOP_ANALYSIS = YES;
				CLANG_WARN_STRICT_PROTOTYPES = YES;
				CLANG_WARN_SUSPICIOUS_MOVE = YES;
				CLANG_WARN_UNGUARDED_AVAILABILITY = YES_AGGRESSIVE;
				CLANG_WARN_UNREACHABLE_CODE = YES;
				CLANG_WARN__DUPLICATE_METHOD_MATCH = YES;
				COPY_PHASE_STRIP = NO;
				DEBUG_INFORMATION_FORMAT = "dwarf-with-dsym";
				ENABLE_NS_ASSERTIONS = NO;
				ENABLE_STRICT_OBJC_MSGSEND = YES;
				GCC_C_LANGUAGE_STANDARD = gnu11;
				GCC_NO_COMMON_BLOCKS = YES;
				GCC_WARN_64_TO_32_BIT_CONVERSION = YES;
				GCC_WARN_ABOUT_RETURN_TYPE = YES_ERROR;
				GCC_WARN_UNDECLARED_SELECTOR = YES;
				GCC_WARN_UNINITIALIZED_AUTOS = YES_AGGRESSIVE;
				GCC_WARN_UNUSED_FUNCTION = YES;
				GCC_WARN_UNUSED_VARIABLE = YES;
				IPHONEOS_DEPLOYMENT_TARGET = 15.5;
				MTL_ENABLE_DEBUG_INFO = NO;
				MTL_FAST_MATH = YES;
				SDKROOT = iphoneos;
				SWIFT_COMPILATION_MODE = wholemodule;
				SWIFT_OPTIMIZATION_LEVEL = "-O";
				VALIDATE_PRODUCT = YES;
			};
			name = Release;
		};
		5109FE972847DCFD0090DA7A /* Debug */ = {
			isa = XCBuildConfiguration;
			baseConfigurationReference = 0D84C652E60EF348F87B3F99 /* Pods-MyCrypto.debug.xcconfig */;
			buildSettings = {
				ASSETCATALOG_COMPILER_APPICON_NAME = AppIcon;
				ASSETCATALOG_COMPILER_GLOBAL_ACCENT_COLOR_NAME = AccentColor;
				CODE_SIGN_STYLE = Automatic;
				CURRENT_PROJECT_VERSION = 1;
				DEVELOPMENT_TEAM = K6FTTC9WQU;
				GENERATE_INFOPLIST_FILE = YES;
				INFOPLIST_FILE = MyCrypto/StartPoint/Info.plist;
				INFOPLIST_KEY_UIApplicationSupportsIndirectInputEvents = YES;
				INFOPLIST_KEY_UILaunchStoryboardName = LaunchScreen;
				INFOPLIST_KEY_UISupportedInterfaceOrientations_iPad = "UIInterfaceOrientationPortrait UIInterfaceOrientationPortraitUpsideDown UIInterfaceOrientationLandscapeLeft UIInterfaceOrientationLandscapeRight";
				INFOPLIST_KEY_UISupportedInterfaceOrientations_iPhone = "UIInterfaceOrientationPortrait UIInterfaceOrientationLandscapeLeft UIInterfaceOrientationLandscapeRight";
				IPHONEOS_DEPLOYMENT_TARGET = 14.0;
				LD_RUNPATH_SEARCH_PATHS = (
					"$(inherited)",
					"@executable_path/Frameworks",
				);
				MARKETING_VERSION = 1.0;
				PRODUCT_BUNDLE_IDENTIFIER = com.my.crypto.MyCrypto;
				PRODUCT_NAME = "$(TARGET_NAME)";
				SWIFT_EMIT_LOC_STRINGS = YES;
				SWIFT_VERSION = 5.0;
				TARGETED_DEVICE_FAMILY = "1,2";
			};
			name = Debug;
		};
		5109FE982847DCFD0090DA7A /* Release */ = {
			isa = XCBuildConfiguration;
			baseConfigurationReference = DDF68DE965724C9035735764 /* Pods-MyCrypto.release.xcconfig */;
			buildSettings = {
				ASSETCATALOG_COMPILER_APPICON_NAME = AppIcon;
				ASSETCATALOG_COMPILER_GLOBAL_ACCENT_COLOR_NAME = AccentColor;
				CODE_SIGN_STYLE = Automatic;
				CURRENT_PROJECT_VERSION = 1;
				DEVELOPMENT_TEAM = K6FTTC9WQU;
				GENERATE_INFOPLIST_FILE = YES;
				INFOPLIST_FILE = MyCrypto/StartPoint/Info.plist;
				INFOPLIST_KEY_UIApplicationSupportsIndirectInputEvents = YES;
				INFOPLIST_KEY_UILaunchStoryboardName = LaunchScreen;
				INFOPLIST_KEY_UISupportedInterfaceOrientations_iPad = "UIInterfaceOrientationPortrait UIInterfaceOrientationPortraitUpsideDown UIInterfaceOrientationLandscapeLeft UIInterfaceOrientationLandscapeRight";
				INFOPLIST_KEY_UISupportedInterfaceOrientations_iPhone = "UIInterfaceOrientationPortrait UIInterfaceOrientationLandscapeLeft UIInterfaceOrientationLandscapeRight";
				IPHONEOS_DEPLOYMENT_TARGET = 14.0;
				LD_RUNPATH_SEARCH_PATHS = (
					"$(inherited)",
					"@executable_path/Frameworks",
				);
				MARKETING_VERSION = 1.0;
				PRODUCT_BUNDLE_IDENTIFIER = com.my.crypto.MyCrypto;
				PRODUCT_NAME = "$(TARGET_NAME)";
				SWIFT_EMIT_LOC_STRINGS = YES;
				SWIFT_VERSION = 5.0;
				TARGETED_DEVICE_FAMILY = "1,2";
			};
			name = Release;
		};
		5109FE9A2847DCFD0090DA7A /* Debug */ = {
			isa = XCBuildConfiguration;
			baseConfigurationReference = A0C68E175442FD02F8402BC5 /* Pods-MyCryptoTests.debug.xcconfig */;
			buildSettings = {
				ALWAYS_EMBED_SWIFT_STANDARD_LIBRARIES = YES;
				BUNDLE_LOADER = "$(TEST_HOST)";
				CODE_SIGN_STYLE = Automatic;
				CURRENT_PROJECT_VERSION = 1;
				GENERATE_INFOPLIST_FILE = YES;
				IPHONEOS_DEPLOYMENT_TARGET = 15.5;
				MARKETING_VERSION = 1.0;
				PRODUCT_BUNDLE_IDENTIFIER = com.my.crypto.MyCryptoTests;
				PRODUCT_NAME = "$(TARGET_NAME)";
				SWIFT_EMIT_LOC_STRINGS = NO;
				SWIFT_VERSION = 5.0;
				TARGETED_DEVICE_FAMILY = "1,2";
				TEST_HOST = "$(BUILT_PRODUCTS_DIR)/MyCrypto.app/MyCrypto";
			};
			name = Debug;
		};
		5109FE9B2847DCFD0090DA7A /* Release */ = {
			isa = XCBuildConfiguration;
			baseConfigurationReference = 2ABF62710B55171D124324AF /* Pods-MyCryptoTests.release.xcconfig */;
			buildSettings = {
				ALWAYS_EMBED_SWIFT_STANDARD_LIBRARIES = YES;
				BUNDLE_LOADER = "$(TEST_HOST)";
				CODE_SIGN_STYLE = Automatic;
				CURRENT_PROJECT_VERSION = 1;
				GENERATE_INFOPLIST_FILE = YES;
				IPHONEOS_DEPLOYMENT_TARGET = 15.5;
				MARKETING_VERSION = 1.0;
				PRODUCT_BUNDLE_IDENTIFIER = com.my.crypto.MyCryptoTests;
				PRODUCT_NAME = "$(TARGET_NAME)";
				SWIFT_EMIT_LOC_STRINGS = NO;
				SWIFT_VERSION = 5.0;
				TARGETED_DEVICE_FAMILY = "1,2";
				TEST_HOST = "$(BUILT_PRODUCTS_DIR)/MyCrypto.app/MyCrypto";
			};
			name = Release;
		};
		5109FE9D2847DCFD0090DA7A /* Debug */ = {
			isa = XCBuildConfiguration;
			baseConfigurationReference = D8172EEB718876B8CF0CB6FB /* Pods-MyCrypto-MyCryptoUITests.debug.xcconfig */;
			buildSettings = {
				ALWAYS_EMBED_SWIFT_STANDARD_LIBRARIES = YES;
				CODE_SIGN_STYLE = Automatic;
				CURRENT_PROJECT_VERSION = 1;
				GENERATE_INFOPLIST_FILE = YES;
				MARKETING_VERSION = 1.0;
				PRODUCT_BUNDLE_IDENTIFIER = com.my.crypto.MyCryptoUITests;
				PRODUCT_NAME = "$(TARGET_NAME)";
				SWIFT_EMIT_LOC_STRINGS = NO;
				SWIFT_VERSION = 5.0;
				TARGETED_DEVICE_FAMILY = "1,2";
				TEST_TARGET_NAME = MyCrypto;
			};
			name = Debug;
		};
		5109FE9E2847DCFD0090DA7A /* Release */ = {
			isa = XCBuildConfiguration;
			baseConfigurationReference = 3DB27DDC8905AB9F7054EDF2 /* Pods-MyCrypto-MyCryptoUITests.release.xcconfig */;
			buildSettings = {
				ALWAYS_EMBED_SWIFT_STANDARD_LIBRARIES = YES;
				CODE_SIGN_STYLE = Automatic;
				CURRENT_PROJECT_VERSION = 1;
				GENERATE_INFOPLIST_FILE = YES;
				MARKETING_VERSION = 1.0;
				PRODUCT_BUNDLE_IDENTIFIER = com.my.crypto.MyCryptoUITests;
				PRODUCT_NAME = "$(TARGET_NAME)";
				SWIFT_EMIT_LOC_STRINGS = NO;
				SWIFT_VERSION = 5.0;
				TARGETED_DEVICE_FAMILY = "1,2";
				TEST_TARGET_NAME = MyCrypto;
			};
			name = Release;
		};
/* End XCBuildConfiguration section */

/* Begin XCConfigurationList section */
		5109FE672847DCF90090DA7A /* Build configuration list for PBXProject "MyCrypto" */ = {
			isa = XCConfigurationList;
			buildConfigurations = (
				5109FE942847DCFD0090DA7A /* Debug */,
				5109FE952847DCFD0090DA7A /* Release */,
			);
			defaultConfigurationIsVisible = 0;
			defaultConfigurationName = Release;
		};
		5109FE962847DCFD0090DA7A /* Build configuration list for PBXNativeTarget "MyCrypto" */ = {
			isa = XCConfigurationList;
			buildConfigurations = (
				5109FE972847DCFD0090DA7A /* Debug */,
				5109FE982847DCFD0090DA7A /* Release */,
			);
			defaultConfigurationIsVisible = 0;
			defaultConfigurationName = Release;
		};
		5109FE992847DCFD0090DA7A /* Build configuration list for PBXNativeTarget "MyCryptoTests" */ = {
			isa = XCConfigurationList;
			buildConfigurations = (
				5109FE9A2847DCFD0090DA7A /* Debug */,
				5109FE9B2847DCFD0090DA7A /* Release */,
			);
			defaultConfigurationIsVisible = 0;
			defaultConfigurationName = Release;
		};
		5109FE9C2847DCFD0090DA7A /* Build configuration list for PBXNativeTarget "MyCryptoUITests" */ = {
			isa = XCConfigurationList;
			buildConfigurations = (
				5109FE9D2847DCFD0090DA7A /* Debug */,
				5109FE9E2847DCFD0090DA7A /* Release */,
			);
			defaultConfigurationIsVisible = 0;
			defaultConfigurationName = Release;
		};
/* End XCConfigurationList section */
	};
	rootObject = 5109FE642847DCF90090DA7A /* Project object */;
}
